Microsoft Visual Studio Solution File, Format Version 11.00
# Visual Studio 2008

Project("{585FA16A-4C16-E0F4-4B17-33EC553F393F}") = "test_task", "Assembly-CSharp.csproj", "{EAB4812D-546A-7D33-96AE-256CB2BFE97F}"
EndProject
Global
	GlobalSection(SolutionConfigurationPlatforms) = preSolution
		Debug|Any CPU = Debug|Any CPU
		Release|Any CPU = Release|Any CPU
	EndGlobalSection
	GlobalSection(ProjectConfigurationPlatforms) = postSolution
		{EAB4812D-546A-7D33-96AE-256CB2BFE97F}.Debug|Any CPU.ActiveCfg = Debug|Any CPU
		{EAB4812D-546A-7D33-96AE-256CB2BFE97F}.Debug|Any CPU.Build.0 = Debug|Any CPU
		{EAB4812D-546A-7D33-96AE-256CB2BFE97F}.Release|Any CPU.ActiveCfg = Release|Any CPU
		{EAB4812D-546A-7D33-96AE-256CB2BFE97F}.Release|Any CPU.Build.0 = Release|Any CPU
	EndGlobalSection
	GlobalSection(SolutionProperties) = preSolution
		HideSolutionNode = FALSE
	EndGlobalSection
	GlobalSection(MonoDevelopProperties) = preSolution
		StartupItem = Assembly-CSharp.csproj
	EndGlobalSection
EndGlobal
